
Microsoft Visual Studio Solution File, Format Version 12.00
# Visual Studio Version 16
VisualStudioVersion = 16.0.30011.22
MinimumVisualStudioVersion = 10.0.40219.1
Project("{FAE04EC0-301F-11D3-BF4B-00C04F79EFBC}") = "WebAdvert.AdvertApi", "WebAdvert.AdvertApi.csproj", "{9C44A8C0-9172-43E3-AE01-A0C9BF84B4C2}"
EndProject
Project("{FAE04EC0-301F-11D3-BF4B-00C04F79EFBC}") = "AdvertApi.Models", "..\AdvertApi.Models\AdvertApi.Models.csproj", "{A96F51FC-A463-4A11-B07C-E705E85E11AE}"
EndProject
Global
	GlobalSection(SolutionConfigurationPlatforms) = preSolution
		Debug|Any CPU = Debug|Any CPU
		Release|Any CPU = Release|Any CPU
	EndGlobalSection
	GlobalSection(ProjectConfigurationPlatforms) = postSolution
		{9C44A8C0-9172-43E3-AE01-A0C9BF84B4C2}.Debug|Any CPU.ActiveCfg = Debug|Any CPU
		{9C44A8C0-9172-43E3-AE01-A0C9BF84B4C2}.Debug|Any CPU.Build.0 = Debug|Any CPU
		{9C44A8C0-9172-43E3-AE01-A0C9BF84B4C2}.Release|Any CPU.ActiveCfg = Release|Any CPU
		{9C44A8C0-9172-43E3-AE01-A0C9BF84B4C2}.Release|Any CPU.Build.0 = Release|Any CPU
		{A96F51FC-A463-4A11-B07C-E705E85E11AE}.Debug|Any CPU.ActiveCfg = Debug|Any CPU
		{A96F51FC-A463-4A11-B07C-E705E85E11AE}.Debug|Any CPU.Build.0 = Debug|Any CPU
		{A96F51FC-A463-4A11-B07C-E705E85E11AE}.Release|Any CPU.ActiveCfg = Release|Any CPU
		{A96F51FC-A463-4A11-B07C-E705E85E11AE}.Release|Any CPU.Build.0 = Release|Any CPU
	EndGlobalSection
	GlobalSection(SolutionProperties) = preSolution
		HideSolutionNode = FALSE
	EndGlobalSection
	GlobalSection(ExtensibilityGlobals) = postSolution
		SolutionGuid = {855443EB-3C87-4D6E-805E-5EB91CB1ABEE}
	EndGlobalSection
EndGlobal
